
Microsoft Visual Studio Solution File, Format Version 12.00
# Visual Studio Version 17
VisualStudioVersion = 17.14.36915.13 d17.14
MinimumVisualStudioVersion = 10.0.40219.1
Project("{FAE04EC0-301F-11D3-BF4B-00C04F79EFBC}") = "Parking_Lot", "Parking_Lot.csproj", "{9AC86EB1-C5A0-4ADD-8865-6B3680791A90}"
EndProject
Global
	GlobalSection(SolutionConfigurationPlatforms) = preSolution
		Debug|Any CPU = Debug|Any CPU
		Release|Any CPU = Release|Any CPU
	EndGlobalSection
	GlobalSection(ProjectConfigurationPlatforms) = postSolution
		{9AC86EB1-C5A0-4ADD-8865-6B3680791A90}.Debug|Any CPU.ActiveCfg = Debug|Any CPU
		{9AC86EB1-C5A0-4ADD-8865-6B3680791A90}.Debug|Any CPU.Build.0 = Debug|Any CPU
		{9AC86EB1-C5A0-4ADD-8865-6B3680791A90}.Release|Any CPU.ActiveCfg = Release|Any CPU
		{9AC86EB1-C5A0-4ADD-8865-6B3680791A90}.Release|Any CPU.Build.0 = Release|Any CPU
	EndGlobalSection
	GlobalSection(SolutionProperties) = preSolution
		HideSolutionNode = FALSE
	EndGlobalSection
	GlobalSection(ExtensibilityGlobals) = postSolution
		SolutionGuid = {60BB1BB9-244C-499D-8251-0BC599016D1A}
	EndGlobalSection
EndGlobal
